
Microsoft Visual Studio Solution File, Format Version 12.00
# Visual Studio Version 17
VisualStudioVersion = 17.6.33723.286
MinimumVisualStudioVersion = 10.0.40219.1
Project("{9A19103F-16F7-4668-BE54-9A1E7A4F7556}") = "SistemaAcademico", "SistemaAcademico.csproj", "{49FA7643-8348-46AB-9ED3-D39FEE4D37FB}"
EndProject
Global
	GlobalSection(SolutionConfigurationPlatforms) = preSolution
		Debug|Any CPU = Debug|Any CPU
		Release|Any CPU = Release|Any CPU
	EndGlobalSection
	GlobalSection(ProjectConfigurationPlatforms) = postSolution
		{49FA7643-8348-46AB-9ED3-D39FEE4D37FB}.Debug|Any CPU.ActiveCfg = Debug|Any CPU
		{49FA7643-8348-46AB-9ED3-D39FEE4D37FB}.Debug|Any CPU.Build.0 = Debug|Any CPU
		{49FA7643-8348-46AB-9ED3-D39FEE4D37FB}.Release|Any CPU.ActiveCfg = Release|Any CPU
		{49FA7643-8348-46AB-9ED3-D39FEE4D37FB}.Release|Any CPU.Build.0 = Release|Any CPU
	EndGlobalSection
	GlobalSection(SolutionProperties) = preSolution
		HideSolutionNode = FALSE
	EndGlobalSection
	GlobalSection(ExtensibilityGlobals) = postSolution
		SolutionGuid = {3C176D6E-95CC-4721-83CC-73C23EEE3303}
	EndGlobalSection
EndGlobal
